Microsoft Visual Studio Solution File, Format Version 12.00
# Visual Studio Version 17
VisualStudioVersion = 17.5.2.0
MinimumVisualStudioVersion = 10.0.40219.1
Project("{FAE04EC0-301F-11D3-BF4B-00C04F79EFBC}") = "csharp-a5", "csharp-a5.csproj", "{31353CC7-6E57-D4CE-B225-634204107749}"
EndProject
Global
	GlobalSection(SolutionConfigurationPlatforms) = preSolution
		Debug|Any CPU = Debug|Any CPU
		Release|Any CPU = Release|Any CPU
	EndGlobalSection
	GlobalSection(ProjectConfigurationPlatforms) = postSolution
		{31353CC7-6E57-D4CE-B225-634204107749}.Debug|Any CPU.ActiveCfg = Debug|Any CPU
		{31353CC7-6E57-D4CE-B225-634204107749}.Debug|Any CPU.Build.0 = Debug|Any CPU
		{31353CC7-6E57-D4CE-B225-634204107749}.Release|Any CPU.ActiveCfg = Release|Any CPU
		{31353CC7-6E57-D4CE-B225-634204107749}.Release|Any CPU.Build.0 = Release|Any CPU
	EndGlobalSection
	GlobalSection(SolutionProperties) = preSolution
		HideSolutionNode = FALSE
	EndGlobalSection
	GlobalSection(ExtensibilityGlobals) = postSolution
		SolutionGuid = {89C3E4CC-A46B-476D-9DAF-BBF4CD0094BB}
	EndGlobalSection
EndGlobal
