Microsoft Visual Studio Solution File, Format Version 12.00
# Visual Studio Version 17
VisualStudioVersion = 17.5.2.0
MinimumVisualStudioVersion = 10.0.40219.1
Project("{FAE04EC0-301F-11D3-BF4B-00C04F79EFBC}") = "csharp-a2", "csharp-a2.csproj", "{13E080C7-B216-0504-B641-1E8A89288694}"
EndProject
Global
	GlobalSection(SolutionConfigurationPlatforms) = preSolution
		Debug|Any CPU = Debug|Any CPU
		Release|Any CPU = Release|Any CPU
	EndGlobalSection
	GlobalSection(ProjectConfigurationPlatforms) = postSolution
		{13E080C7-B216-0504-B641-1E8A89288694}.Debug|Any CPU.ActiveCfg = Debug|Any CPU
		{13E080C7-B216-0504-B641-1E8A89288694}.Debug|Any CPU.Build.0 = Debug|Any CPU
		{13E080C7-B216-0504-B641-1E8A89288694}.Release|Any CPU.ActiveCfg = Release|Any CPU
		{13E080C7-B216-0504-B641-1E8A89288694}.Release|Any CPU.Build.0 = Release|Any CPU
	EndGlobalSection
	GlobalSection(SolutionProperties) = preSolution
		HideSolutionNode = FALSE
	EndGlobalSection
	GlobalSection(ExtensibilityGlobals) = postSolution
		SolutionGuid = {41D4D839-95CE-4F58-89CF-1DB226F89F8A}
	EndGlobalSection
EndGlobal
